
Microsoft Visual Studio Solution File, Format Version 12.00
# Visual Studio Version 16
VisualStudioVersion = 16.0.30225.117
MinimumVisualStudioVersion = 10.0.40219.1
Project("{FAE04EC0-301F-11D3-BF4B-00C04F79EFBC}") = "WolfyBot", "WolfyBot.csproj", "{895F1C27-1D19-4E1D-9ED7-42FAC98AE542}"
EndProject
Global
	GlobalSection(SolutionConfigurationPlatforms) = preSolution
		Debug|Any CPU = Debug|Any CPU
		Release|Any CPU = Release|Any CPU
	EndGlobalSection
	GlobalSection(ProjectConfigurationPlatforms) = postSolution
		{895F1C27-1D19-4E1D-9ED7-42FAC98AE542}.Debug|Any CPU.ActiveCfg = Debug|Any CPU
		{895F1C27-1D19-4E1D-9ED7-42FAC98AE542}.Debug|Any CPU.Build.0 = Debug|Any CPU
		{895F1C27-1D19-4E1D-9ED7-42FAC98AE542}.Release|Any CPU.ActiveCfg = Release|Any CPU
		{895F1C27-1D19-4E1D-9ED7-42FAC98AE542}.Release|Any CPU.Build.0 = Release|Any CPU
	EndGlobalSection
	GlobalSection(SolutionProperties) = preSolution
		HideSolutionNode = FALSE
	EndGlobalSection
	GlobalSection(ExtensibilityGlobals) = postSolution
		SolutionGuid = {DB3ADA61-6DD4-4957-8771-F68B5EAE2FF3}
	EndGlobalSection
EndGlobal
